
Microsoft Visual Studio Solution File, Format Version 12.00
# Visual Studio Version 16
VisualStudioVersion = 16.0.30413.136
MinimumVisualStudioVersion = 10.0.40219.1
Project("{FAE04EC0-301F-11D3-BF4B-00C04F79EFBC}") = "StarshipComputer", "StarshipComputer\StarshipComputer.csproj", "{B388A38A-C43E-4AF1-BF6C-FDD8B152A464}"
EndProject
Global
	GlobalSection(SolutionConfigurationPlatforms) = preSolution
		Debug|Any CPU = Debug|Any CPU
		Release|Any CPU = Release|Any CPU
	EndGlobalSection
	GlobalSection(ProjectConfigurationPlatforms) = postSolution
		{B388A38A-C43E-4AF1-BF6C-FDD8B152A464}.Debug|Any CPU.ActiveCfg = Debug|Any CPU
		{B388A38A-C43E-4AF1-BF6C-FDD8B152A464}.Debug|Any CPU.Build.0 = Debug|Any CPU
		{B388A38A-C43E-4AF1-BF6C-FDD8B152A464}.Release|Any CPU.ActiveCfg = Release|Any CPU
		{B388A38A-C43E-4AF1-BF6C-FDD8B152A464}.Release|Any CPU.Build.0 = Release|Any CPU
	EndGlobalSection
	GlobalSection(SolutionProperties) = preSolution
		HideSolutionNode = FALSE
	EndGlobalSection
	GlobalSection(ExtensibilityGlobals) = postSolution
		SolutionGuid = {A3A16828-A81E-45E6-9CEC-6007BF723A78}
	EndGlobalSection
EndGlobal
